
Microsoft Visual Studio Solution File, Format Version 12.00
# Visual Studio 15
Project("{FAE04EC0-301F-11D3-BF4B-00C04F79EFBC}") = "XamarinInterview.Droid", "XamarinInterview.Droid\XamarinInterview.Droid.csproj", "{0353338C-91E5-4E8B-A00E-AC9F0B06771D}"
EndProject
Project("{D954291E-2A0B-460D-934E-DC6B0785DB48}") = "XamarinInterview.Shared", "XamarinInterview.Shared\XamarinInterview.Shared.shproj", "{03DDEF4E-CD80-4904-A964-422FA15764FA}"
EndProject
Project("{FAE04EC0-301F-11D3-BF4B-00C04F79EFBC}") = "XamarinInterview.iOS", "XamarinInterview.iOS\XamarinInterview.iOS.csproj", "{AECD456B-516C-4C08-9CC9-D85500DCF6D3}"
EndProject
Project("{2150E333-8FDC-42A3-9474-1A3956D46DE8}") = "Solution Items", "Solution Items", "{F0FDF411-7D02-4B41-9648-6B8930C999B0}"
	ProjectSection(SolutionItems) = preProject
		README.md = README.md
	EndProjectSection
EndProject
Global
	GlobalSection(SolutionConfigurationPlatforms) = preSolution
		Debug|iPhoneSimulator = Debug|iPhoneSimulator
		Release|iPhoneSimulator = Release|iPhoneSimulator
		Debug|iPhone = Debug|iPhone
		Release|iPhone = Release|iPhone
		Debug|Any CPU = Debug|Any CPU
		Release|Any CPU = Release|Any CPU
	EndGlobalSection
	GlobalSection(ProjectConfigurationPlatforms) = postSolution
		{0353338C-91E5-4E8B-A00E-AC9F0B06771D}.Debug|iPhoneSimulator.ActiveCfg = Debug|Any CPU
		{0353338C-91E5-4E8B-A00E-AC9F0B06771D}.Debug|iPhone.ActiveCfg = Debug|Any CPU
		{0353338C-91E5-4E8B-A00E-AC9F0B06771D}.Debug|Any CPU.ActiveCfg = Debug|Any CPU
		{0353338C-91E5-4E8B-A00E-AC9F0B06771D}.Debug|Any CPU.Build.0 = Debug|Any CPU
		{0353338C-91E5-4E8B-A00E-AC9F0B06771D}.Release|iPhoneSimulator.ActiveCfg = Release|Any CPU
		{0353338C-91E5-4E8B-A00E-AC9F0B06771D}.Release|iPhone.ActiveCfg = Release|Any CPU
		{0353338C-91E5-4E8B-A00E-AC9F0B06771D}.Release|Any CPU.ActiveCfg = Release|Any CPU
		{0353338C-91E5-4E8B-A00E-AC9F0B06771D}.Release|Any CPU.Build.0 = Release|Any CPU
		{AECD456B-516C-4C08-9CC9-D85500DCF6D3}.Debug|iPhoneSimulator.ActiveCfg = Debug|iPhoneSimulator
		{AECD456B-516C-4C08-9CC9-D85500DCF6D3}.Debug|iPhoneSimulator.Build.0 = Debug|iPhoneSimulator
		{AECD456B-516C-4C08-9CC9-D85500DCF6D3}.Release|iPhoneSimulator.ActiveCfg = Release|iPhoneSimulator
		{AECD456B-516C-4C08-9CC9-D85500DCF6D3}.Release|iPhoneSimulator.Build.0 = Release|iPhoneSimulator
		{AECD456B-516C-4C08-9CC9-D85500DCF6D3}.Debug|iPhone.ActiveCfg = Debug|iPhone
		{AECD456B-516C-4C08-9CC9-D85500DCF6D3}.Debug|iPhone.Build.0 = Debug|iPhone
		{AECD456B-516C-4C08-9CC9-D85500DCF6D3}.Release|iPhone.ActiveCfg = Release|iPhone
		{AECD456B-516C-4C08-9CC9-D85500DCF6D3}.Release|iPhone.Build.0 = Release|iPhone
		{AECD456B-516C-4C08-9CC9-D85500DCF6D3}.Debug|Any CPU.ActiveCfg = Debug|iPhoneSimulator
		{AECD456B-516C-4C08-9CC9-D85500DCF6D3}.Release|Any CPU.ActiveCfg = Release|iPhoneSimulator
	EndGlobalSection
EndGlobal
